
Microsoft Visual Studio Solution File, Format Version 12.00
# Visual Studio Version 17
VisualStudioVersion = 17.7.34202.233
MinimumVisualStudioVersion = 10.0.40219.1
Project("{FAE04EC0-301F-11D3-BF4B-00C04F79EFBC}") = "API", "API\API.csproj", "{42895D07-E261-4F19-84E8-7112EC989B5E}"
EndProject
Global
	GlobalSection(SolutionConfigurationPlatforms) = preSolution
		Debug|Any CPU = Debug|Any CPU
		Release|Any CPU = Release|Any CPU
	EndGlobalSection
	GlobalSection(ProjectConfigurationPlatforms) = postSolution
		{42895D07-E261-4F19-84E8-7112EC989B5E}.Debug|Any CPU.ActiveCfg = Debug|Any CPU
		{42895D07-E261-4F19-84E8-7112EC989B5E}.Debug|Any CPU.Build.0 = Debug|Any CPU
		{42895D07-E261-4F19-84E8-7112EC989B5E}.Release|Any CPU.ActiveCfg = Release|Any CPU
		{42895D07-E261-4F19-84E8-7112EC989B5E}.Release|Any CPU.Build.0 = Release|Any CPU
	EndGlobalSection
	GlobalSection(SolutionProperties) = preSolution
		HideSolutionNode = FALSE
	EndGlobalSection
	GlobalSection(ExtensibilityGlobals) = postSolution
		SolutionGuid = {992A9410-2EAA-4AD7-AC1B-97E9EBCCF03A}
	EndGlobalSection
EndGlobal
